<?xml version="1.0" encoding="utf-8"?>
<Project ToolsVersion="4.0" xmlns="http://schemas.microsoft.com/developer/msbuild/2003">
  <ItemGroup>
    <Filter Include="Source Files">
      <UniqueIdentifier>{4FC737F1-C7A5-4376-A066-2A32D752A2FF}</UniqueIdentifier>
      <Extensions>cpp;c;cc;cxx;c++;cppm;ixx;def;odl;idl;hpj;bat;asm;asmx</Extensions>
    </Filter>
    <Filter Include="Header Files">
      <UniqueIdentifier>{93995380-89BD-4b04-88EB-625FBE52EBFB}</UniqueIdentifier>
      <Extensions>h;hh;hpp;hxx;h++;hm;inl;inc;ipp;xsd</Extensions>
    </Filter>
    <Filter Include="Resource Files">
      <UniqueIdentifier>{67DA6AB6-F800-4c08-8B7A-83BB121AAD01}</UniqueIdentifier>
      <Extensions>rc;ico;cur;bmp;dlg;rc2;rct;bin;rgs;gif;jpg;jpeg;jpe;resx;tiff;tif;png;wav;mfcribbon-ms</Extensions>
    </Filter>
  </ItemGroup>
  <ItemGroup>
    <ClCompile Include="main.cpp">
      <Filter>Source Files</Filter>
    </ClCompile>
    <ClCompile Include="Excepcion.cpp">
      <Filter>Source Files</Filter>
    </ClCompile>
    <ClCompile Include="Criatura.cpp">
      <Filter>Source Files</Filter>
    </ClCompile>
    <ClCompile Include="FabricaCriatura.cpp">
      <Filter>Source Files</Filter>
    </ClCompile>
    <ClCompile Include="Carnivoro.cpp">
      <Filter>Source Files</Filter>
    </ClCompile>
    <ClCompile Include="Herbivoro.cpp">
      <Filter>Source Files</Filter>
    </ClCompile>
    <ClCompile Include="Omnivoro.cpp">
      <Filter>Source Files</Filter>
    </ClCompile>
    <ClCompile Include="FabricaOmnivoro.cpp">
      <Filter>Source Files</Filter>
    </ClCompile>
    <ClCompile Include="Cuadricula.cpp">
      <Filter>Source Files</Filter>
    </ClCompile>
    <ClCompile Include="Ecosistema.cpp">
      <Filter>Source Files</Filter>
    </ClCompile>
  </ItemGroup>
  <ItemGroup>
    <ClInclude Include="Excepcion.h">
      <Filter>Header Files</Filter>
    </ClInclude>
    <ClInclude Include="Criatura.h">
      <Filter>Header Files</Filter>
    </ClInclude>
    <ClInclude Include="Carnivoro.h">
      <Filter>Header Files</Filter>
    </ClInclude>
    <ClInclude Include="FabricaCriatura.h">
      <Filter>Header Files</Filter>
    </ClInclude>
    <ClInclude Include="Herbivoro.h">
      <Filter>Header Files</Filter>
    </ClInclude>
    <ClInclude Include="Omnivoro.h">
      <Filter>Header Files</Filter>
    </ClInclude>
    <ClInclude Include="Interfaz.h">
      <Filter>Header Files</Filter>
    </ClInclude>
    <ClInclude Include="FabricaOmnivoro.h">
      <Filter>Header Files</Filter>
    </ClInclude>
    <ClInclude Include="Cuadricula.h">
      <Filter>Header Files</Filter>
    </ClInclude>
    <ClInclude Include="Ecosistema.h">
      <Filter>Header Files</Filter>
    </ClInclude>
  </ItemGroup>
  <ItemGroup>
    <Text Include="source.txt" />
    <Text Include="EntornoEXM.txt" />
  </ItemGroup>
  <ItemGroup>
    <Image Include="InitStartup.jpeg">
      <Filter>Resource Files</Filter>
    </Image>
    <Image Include="Logo.png">
      <Filter>Resource Files</Filter>
    </Image>
    <Image Include="omnivoro.png">
      <Filter>Resource Files</Filter>
    </Image>
    <Image Include="Carnivoro.png">
      <Filter>Resource Files</Filter>
    </Image>
    <Image Include="Herbivoro.png">
      <Filter>Resource Files</Filter>
    </Image>
  </ItemGroup>
  <ItemGroup>
    <Media Include="x64\Debug\Background.mp3">
      <Filter>Resource Files</Filter>
    </Media>
    <Media Include="Boton.mp3">
      <Filter>Resource Files</Filter>
    </Media>
    <Media Include="simulacion.mp3">
      <Filter>Resource Files</Filter>
    </Media>
  </ItemGroup>
</Project>