<?xml version="1.0" encoding="utf-8"?>
<Project ToolsVersion="4.0" xmlns="http://schemas.microsoft.com/developer/msbuild/2003">
  <ItemGroup>
    <Filter Include="Source Files">
      <UniqueIdentifier>{4FC737F1-C7A5-4376-A066-2A32D752A2FF}</UniqueIdentifier>
      <Extensions>cpp;c;cc;cxx;c++;cppm;ixx;def;odl;idl;hpj;bat;asm;asmx</Extensions>
    </Filter>
    <Filter Include="Header Files">
      <UniqueIdentifier>{93995380-89BD-4b04-88EB-625FBE52EBFB}</UniqueIdentifier>
      <Extensions>h;hh;hpp;hxx;h++;hm;inl;inc;ipp;xsd</Extensions>
    </Filter>
    <Filter Include="Resource Files">
      <UniqueIdentifier>{67DA6AB6-F800-4c08-8B7A-83BB121AAD01}</UniqueIdentifier>
      <Extensions>rc;ico;cur;bmp;dlg;rc2;rct;bin;rgs;gif;jpg;jpeg;jpe;resx;tiff;tif;png;wav;mfcribbon-ms</Extensions>
    </Filter>
  </ItemGroup>
  <ItemGroup>
    <ClCompile Include="main.cpp">
      <Filter>Source Files</Filter>
    </ClCompile>
    <ClCompile Include="Excepcion.cpp">
      <Filter>Source Files</Filter>
    </ClCompile>
    <ClCompile Include="Carnivoro.cpp">
      <Filter>Source Files</Filter>
    </ClCompile>
    <ClCompile Include="Criatura.cpp">
      <Filter>Source Files</Filter>
    </ClCompile>
    <ClCompile Include="FabricaConcreta.cpp">
      <Filter>Source Files</Filter>
    </ClCompile>
    <ClCompile Include="Herbivoro.cpp">
      <Filter>Source Files</Filter>
    </ClCompile>
    <ClCompile Include="Omnivoro.cpp">
      <Filter>Source Files</Filter>
    </ClCompile>
    <ClCompile Include="Ecosistema.cpp">
      <Filter>Source Files</Filter>
    </ClCompile>
    <ClCompile Include="Recurso.cpp">
      <Filter>Source Files</Filter>
    </ClCompile>
    <ClCompile Include="RecursoCarne.cpp">
      <Filter>Source Files</Filter>
    </ClCompile>
    <ClCompile Include="RecursoPlanta.cpp">
      <Filter>Source Files</Filter>
    </ClCompile>
    <ClCompile Include="RecursoAgua.cpp">
      <Filter>Source Files</Filter>
    </ClCompile>
    <ClCompile Include="FabricaRecursosConcreta.cpp">
      <Filter>Source Files</Filter>
    </ClCompile>
    <ClCompile Include="ContenedorCriaturas.cpp">
      <Filter>Source Files</Filter>
    </ClCompile>
    <ClCompile Include="EstrategiaMovimiento.cpp">
      <Filter>Source Files</Filter>
    </ClCompile>
    <ClCompile Include="Entorno.cpp">
      <Filter>Source Files</Filter>
    </ClCompile>
    <ClCompile Include="RecursosContenedor.cpp">
      <Filter>Source Files</Filter>
    </ClCompile>
    <ClCompile Include="RecursosObserver.cpp">
      <Filter>Source Files</Filter>
    </ClCompile>
    <ClCompile Include="EstrategiaAlimento.cpp">
      <Filter>Source Files</Filter>
    </ClCompile>
  </ItemGroup>
  <ItemGroup>
    <ClInclude Include="Excepcion.h">
      <Filter>Header Files</Filter>
    </ClInclude>
    <ClInclude Include="Ecosistema.h">
      <Filter>Header Files</Filter>
    </ClInclude>
    <ClInclude Include="Carnivoro.h">
      <Filter>Header Files</Filter>
    </ClInclude>
    <ClInclude Include="Criatura.h">
      <Filter>Header Files</Filter>
    </ClInclude>
    <ClInclude Include="FabricaAbstracta.h">
      <Filter>Header Files</Filter>
    </ClInclude>
    <ClInclude Include="FabricaConcreta.h">
      <Filter>Header Files</Filter>
    </ClInclude>
    <ClInclude Include="Herbivoro.h">
      <Filter>Header Files</Filter>
    </ClInclude>
    <ClInclude Include="Omnivoro.h">
      <Filter>Header Files</Filter>
    </ClInclude>
    <ClInclude Include="Recurso.h">
      <Filter>Header Files</Filter>
    </ClInclude>
    <ClInclude Include="RecursoCarne.h">
      <Filter>Header Files</Filter>
    </ClInclude>
    <ClInclude Include="RecursoPlanta.h">
      <Filter>Header Files</Filter>
    </ClInclude>
    <ClInclude Include="RecursoAgua.h">
      <Filter>Header Files</Filter>
    </ClInclude>
    <ClInclude Include="FabricaRecursosAbstracta.h">
      <Filter>Header Files</Filter>
    </ClInclude>
    <ClInclude Include="FabricaRecursosConcreta.h">
      <Filter>Header Files</Filter>
    </ClInclude>
    <ClInclude Include="ContenedorCriaturas.h">
      <Filter>Header Files</Filter>
    </ClInclude>
    <ClInclude Include="Estrategias.h">
      <Filter>Header Files</Filter>
    </ClInclude>
    <ClInclude Include="EstrategiaMovimiento.h">
      <Filter>Header Files</Filter>
    </ClInclude>
    <ClInclude Include="Entorno.h">
      <Filter>Header Files</Filter>
    </ClInclude>
    <ClInclude Include="RecursosContenedor.h">
      <Filter>Header Files</Filter>
    </ClInclude>
    <ClInclude Include="Observador.h">
      <Filter>Header Files</Filter>
    </ClInclude>
    <ClInclude Include="RecursosObserver.h">
      <Filter>Header Files</Filter>
    </ClInclude>
    <ClInclude Include="EstrategiaAlimento.h">
      <Filter>Header Files</Filter>
    </ClInclude>
  </ItemGroup>
  <ItemGroup>
    <Image Include="InitStartup.jpeg">
      <Filter>Resource Files</Filter>
    </Image>
    <Image Include="Logo.png">
      <Filter>Resource Files</Filter>
    </Image>
    <Image Include="omnivoro.png">
      <Filter>Resource Files</Filter>
    </Image>
    <Image Include="Carnivoro.png">
      <Filter>Resource Files</Filter>
    </Image>
    <Image Include="Herbivoro.png">
      <Filter>Resource Files</Filter>
    </Image>
    <Image Include="Carne.png">
      <Filter>Resource Files</Filter>
    </Image>
    <Image Include="Planta.png">
      <Filter>Resource Files</Filter>
    </Image>
    <Image Include="agua.png">
      <Filter>Resource Files</Filter>
    </Image>
    <Image Include="ba.jpg">
      <Filter>Resource Files</Filter>
    </Image>
    <Image Include="FondoNature.jpg">
      <Filter>Resource Files</Filter>
    </Image>
    <Image Include="gradient.jpg">
      <Filter>Resource Files</Filter>
    </Image>
    <Image Include="Rayo.png">
      <Filter>Resource Files</Filter>
    </Image>
    <Image Include="FondoSimulacion.jpg">
      <Filter>Resource Files</Filter>
    </Image>
  </ItemGroup>
  <ItemGroup>
    <Media Include="x64\Debug\Background.mp3">
      <Filter>Resource Files</Filter>
    </Media>
    <Media Include="Boton.mp3">
      <Filter>Resource Files</Filter>
    </Media>
    <Media Include="simulacion.mp3">
      <Filter>Resource Files</Filter>
    </Media>
    <Media Include="lluvia.mp3">
      <Filter>Resource Files</Filter>
    </Media>
    <Media Include="soleado.mp3">
      <Filter>Resource Files</Filter>
    </Media>
  </ItemGroup>
</Project>